
Microsoft Visual Studio Solution File, Format Version 12.00
# Visual Studio 15
VisualStudioVersion = 15.0.27428.2015
MinimumVisualStudioVersion = 10.0.40219.1
Project("{FAE04EC0-301F-11D3-BF4B-00C04F79EFBC}") = "testService1", "testService1\testService1.csproj", "{D7051F40-D7CF-4CD2-B0B7-77093CA50360}"
EndProject
Project("{FAE04EC0-301F-11D3-BF4B-00C04F79EFBC}") = "RemoteManager", "RemoteManager\RemoteManager.csproj", "{CFAFC2D5-6F2D-49C6-AA37-C634D61CF94D}"
EndProject
Project("{9A19103F-16F7-4668-BE54-9A1E7A4F7556}") = "Server", "Listener\Server.csproj", "{06211075-B069-4C33-8B63-4751A50CF744}"
EndProject
Project("{FAE04EC0-301F-11D3-BF4B-00C04F79EFBC}") = "ManagerLib", "ClassLibrary1\ManagerLib.csproj", "{B8E317D2-E825-456F-9223-72B1A412A737}"
EndProject
Global
	GlobalSection(SolutionConfigurationPlatforms) = preSolution
		Debug|Any CPU = Debug|Any CPU
		Release|Any CPU = Release|Any CPU
	EndGlobalSection
	GlobalSection(ProjectConfigurationPlatforms) = postSolution
		{D7051F40-D7CF-4CD2-B0B7-77093CA50360}.Debug|Any CPU.ActiveCfg = Debug|Any CPU
		{D7051F40-D7CF-4CD2-B0B7-77093CA50360}.Debug|Any CPU.Build.0 = Debug|Any CPU
		{D7051F40-D7CF-4CD2-B0B7-77093CA50360}.Release|Any CPU.ActiveCfg = Release|Any CPU
		{D7051F40-D7CF-4CD2-B0B7-77093CA50360}.Release|Any CPU.Build.0 = Release|Any CPU
		{CFAFC2D5-6F2D-49C6-AA37-C634D61CF94D}.Debug|Any CPU.ActiveCfg = Debug|Any CPU
		{CFAFC2D5-6F2D-49C6-AA37-C634D61CF94D}.Debug|Any CPU.Build.0 = Debug|Any CPU
		{CFAFC2D5-6F2D-49C6-AA37-C634D61CF94D}.Release|Any CPU.ActiveCfg = Release|Any CPU
		{CFAFC2D5-6F2D-49C6-AA37-C634D61CF94D}.Release|Any CPU.Build.0 = Release|Any CPU
		{06211075-B069-4C33-8B63-4751A50CF744}.Debug|Any CPU.ActiveCfg = Debug|Any CPU
		{06211075-B069-4C33-8B63-4751A50CF744}.Debug|Any CPU.Build.0 = Debug|Any CPU
		{06211075-B069-4C33-8B63-4751A50CF744}.Release|Any CPU.ActiveCfg = Release|Any CPU
		{06211075-B069-4C33-8B63-4751A50CF744}.Release|Any CPU.Build.0 = Release|Any CPU
		{B8E317D2-E825-456F-9223-72B1A412A737}.Debug|Any CPU.ActiveCfg = Debug|Any CPU
		{B8E317D2-E825-456F-9223-72B1A412A737}.Debug|Any CPU.Build.0 = Debug|Any CPU
		{B8E317D2-E825-456F-9223-72B1A412A737}.Release|Any CPU.ActiveCfg = Release|Any CPU
		{B8E317D2-E825-456F-9223-72B1A412A737}.Release|Any CPU.Build.0 = Release|Any CPU
	EndGlobalSection
	GlobalSection(SolutionProperties) = preSolution
		HideSolutionNode = FALSE
	EndGlobalSection
	GlobalSection(ExtensibilityGlobals) = postSolution
		SolutionGuid = {3D3DCB6A-B7BB-4CFC-8CC3-CC87ACC1C119}
	EndGlobalSection
EndGlobal
